
Microsoft Visual Studio Solution File, Format Version 12.00
# Visual Studio Version 17
VisualStudioVersion = 17.10.35122.118
MinimumVisualStudioVersion = 10.0.40219.1
Project("{9A19103F-16F7-4668-BE54-9A1E7A4F7556}") = "HospitalConsoleApp", "HospitalManagementSystem\HospitalConsoleApp.csproj", "{E59E7781-9596-483C-A755-E1466B874AA3}"
EndProject
Project("{9A19103F-16F7-4668-BE54-9A1E7A4F7556}") = "HospitalDAL", "HospitalDAL\HospitalDAL.csproj", "{A286E595-1EBB-465B-96F6-100CE40E716C}"
EndProject
Project("{FAE04EC0-301F-11D3-BF4B-00C04F79EFBC}") = "Entities", "Entities\Entities.csproj", "{8DA4397D-3A54-46E3-8190-1F8970EA97A7}"
EndProject
Global
	GlobalSection(SolutionConfigurationPlatforms) = preSolution
		Debug|Any CPU = Debug|Any CPU
		Release|Any CPU = Release|Any CPU
	EndGlobalSection
	GlobalSection(ProjectConfigurationPlatforms) = postSolution
		{E59E7781-9596-483C-A755-E1466B874AA3}.Debug|Any CPU.ActiveCfg = Debug|Any CPU
		{E59E7781-9596-483C-A755-E1466B874AA3}.Debug|Any CPU.Build.0 = Debug|Any CPU
		{E59E7781-9596-483C-A755-E1466B874AA3}.Release|Any CPU.ActiveCfg = Release|Any CPU
		{E59E7781-9596-483C-A755-E1466B874AA3}.Release|Any CPU.Build.0 = Release|Any CPU
		{A286E595-1EBB-465B-96F6-100CE40E716C}.Debug|Any CPU.ActiveCfg = Debug|Any CPU
		{A286E595-1EBB-465B-96F6-100CE40E716C}.Debug|Any CPU.Build.0 = Debug|Any CPU
		{A286E595-1EBB-465B-96F6-100CE40E716C}.Release|Any CPU.ActiveCfg = Release|Any CPU
		{A286E595-1EBB-465B-96F6-100CE40E716C}.Release|Any CPU.Build.0 = Release|Any CPU
		{8DA4397D-3A54-46E3-8190-1F8970EA97A7}.Debug|Any CPU.ActiveCfg = Debug|Any CPU
		{8DA4397D-3A54-46E3-8190-1F8970EA97A7}.Debug|Any CPU.Build.0 = Debug|Any CPU
		{8DA4397D-3A54-46E3-8190-1F8970EA97A7}.Release|Any CPU.ActiveCfg = Release|Any CPU
		{8DA4397D-3A54-46E3-8190-1F8970EA97A7}.Release|Any CPU.Build.0 = Release|Any CPU
	EndGlobalSection
	GlobalSection(SolutionProperties) = preSolution
		HideSolutionNode = FALSE
	EndGlobalSection
	GlobalSection(ExtensibilityGlobals) = postSolution
		SolutionGuid = {033C5A1A-3EF7-4C0F-91AA-109CFE9112F2}
	EndGlobalSection
EndGlobal
